{
  "name": "wptw",
  "lockfileVersion": 2,
  "requires": true,
  "packages": {
    "": {
      "devDependencies": {
        "prettier": "@wordpress/prettier-config"
      }
    },
    "@wordpress/prettier-config": {
      "dev": true
    },
    "node_modules/prettier": {
      "resolved": "@wordpress/prettier-config",
      "link": true
    }
  },
  "dependencies": {
    "prettier": {
      "version": "file:@wordpress/prettier-config"
    }
  }
}
